
Microsoft Visual Studio Solution File, Format Version 12.00
# Visual Studio Version 16
VisualStudioVersion = 16.0.31410.357
MinimumVisualStudioVersion = 10.0.40219.1
Project("{FAE04EC0-301F-11D3-BF4B-00C04F79EFBC}") = "JpegMetaRemover", "JpegMetaRemover\JpegMetaRemover.csproj", "{AFFDD1D3-56E8-4453-A2C3-741F93DA5DC4}"
EndProject
Global
	GlobalSection(SolutionConfigurationPlatforms) = preSolution
		Debug|Any CPU = Debug|Any CPU
		Release|Any CPU = Release|Any CPU
	EndGlobalSection
	GlobalSection(ProjectConfigurationPlatforms) = postSolution
		{AFFDD1D3-56E8-4453-A2C3-741F93DA5DC4}.Debug|Any CPU.ActiveCfg = Debug|Any CPU
		{AFFDD1D3-56E8-4453-A2C3-741F93DA5DC4}.Debug|Any CPU.Build.0 = Debug|Any CPU
		{AFFDD1D3-56E8-4453-A2C3-741F93DA5DC4}.Release|Any CPU.ActiveCfg = Release|Any CPU
		{AFFDD1D3-56E8-4453-A2C3-741F93DA5DC4}.Release|Any CPU.Build.0 = Release|Any CPU
	EndGlobalSection
	GlobalSection(SolutionProperties) = preSolution
		HideSolutionNode = FALSE
	EndGlobalSection
	GlobalSection(ExtensibilityGlobals) = postSolution
		SolutionGuid = {A34B20C0-158B-4874-8580-748D9D9F510E}
	EndGlobalSection
EndGlobal
